
Microsoft Visual Studio Solution File, Format Version 12.00
# Visual Studio Version 17
VisualStudioVersion = 17.4.33213.308
MinimumVisualStudioVersion = 10.0.40219.1
Project("{FAE04EC0-301F-11D3-BF4B-00C04F79EFBC}") = "media_pares", "media_pares\media_pares.csproj", "{0B19A1F3-F353-4225-A983-6B3B78CAEF97}"
EndProject
Global
	GlobalSection(SolutionConfigurationPlatforms) = preSolution
		Debug|Any CPU = Debug|Any CPU
		Release|Any CPU = Release|Any CPU
	EndGlobalSection
	GlobalSection(ProjectConfigurationPlatforms) = postSolution
		{0B19A1F3-F353-4225-A983-6B3B78CAEF97}.Debug|Any CPU.ActiveCfg = Debug|Any CPU
		{0B19A1F3-F353-4225-A983-6B3B78CAEF97}.Debug|Any CPU.Build.0 = Debug|Any CPU
		{0B19A1F3-F353-4225-A983-6B3B78CAEF97}.Release|Any CPU.ActiveCfg = Release|Any CPU
		{0B19A1F3-F353-4225-A983-6B3B78CAEF97}.Release|Any CPU.Build.0 = Release|Any CPU
	EndGlobalSection
	GlobalSection(SolutionProperties) = preSolution
		HideSolutionNode = FALSE
	EndGlobalSection
	GlobalSection(ExtensibilityGlobals) = postSolution
		SolutionGuid = {3A926AA4-4909-436C-854A-F3DC3F044375}
	EndGlobalSection
EndGlobal
