
Microsoft Visual Studio Solution File, Format Version 12.00
# Visual Studio Version 17
VisualStudioVersion = 17.4.33213.308
MinimumVisualStudioVersion = 10.0.40219.1
Project("{FAE04EC0-301F-11D3-BF4B-00C04F79EFBC}") = "dentro_fora", "dentro_fora\dentro_fora.csproj", "{1552293C-80E2-410C-8FF3-3ABEE5ED10DB}"
EndProject
Global
	GlobalSection(SolutionConfigurationPlatforms) = preSolution
		Debug|Any CPU = Debug|Any CPU
		Release|Any CPU = Release|Any CPU
	EndGlobalSection
	GlobalSection(ProjectConfigurationPlatforms) = postSolution
		{1552293C-80E2-410C-8FF3-3ABEE5ED10DB}.Debug|Any CPU.ActiveCfg = Debug|Any CPU
		{1552293C-80E2-410C-8FF3-3ABEE5ED10DB}.Debug|Any CPU.Build.0 = Debug|Any CPU
		{1552293C-80E2-410C-8FF3-3ABEE5ED10DB}.Release|Any CPU.ActiveCfg = Release|Any CPU
		{1552293C-80E2-410C-8FF3-3ABEE5ED10DB}.Release|Any CPU.Build.0 = Release|Any CPU
	EndGlobalSection
	GlobalSection(SolutionProperties) = preSolution
		HideSolutionNode = FALSE
	EndGlobalSection
	GlobalSection(ExtensibilityGlobals) = postSolution
		SolutionGuid = {44DF385F-0FA7-424B-B54B-876544034340}
	EndGlobalSection
EndGlobal
