
Microsoft Visual Studio Solution File, Format Version 12.00
# Visual Studio Version 17
VisualStudioVersion = 17.4.33213.308
MinimumVisualStudioVersion = 10.0.40219.1
Project("{FAE04EC0-301F-11D3-BF4B-00C04F79EFBC}") = "terreno", "terreno\terreno.csproj", "{90D452E1-4926-4DED-909F-572411114438}"
EndProject
Global
	GlobalSection(SolutionConfigurationPlatforms) = preSolution
		Debug|Any CPU = Debug|Any CPU
		Release|Any CPU = Release|Any CPU
	EndGlobalSection
	GlobalSection(ProjectConfigurationPlatforms) = postSolution
		{90D452E1-4926-4DED-909F-572411114438}.Debug|Any CPU.ActiveCfg = Debug|Any CPU
		{90D452E1-4926-4DED-909F-572411114438}.Debug|Any CPU.Build.0 = Debug|Any CPU
		{90D452E1-4926-4DED-909F-572411114438}.Release|Any CPU.ActiveCfg = Release|Any CPU
		{90D452E1-4926-4DED-909F-572411114438}.Release|Any CPU.Build.0 = Release|Any CPU
	EndGlobalSection
	GlobalSection(SolutionProperties) = preSolution
		HideSolutionNode = FALSE
	EndGlobalSection
	GlobalSection(ExtensibilityGlobals) = postSolution
		SolutionGuid = {E45A2EC5-068B-4705-8DA5-E91055A9808D}
	EndGlobalSection
EndGlobal
