
Microsoft Visual Studio Solution File, Format Version 12.00
# Visual Studio Version 17
VisualStudioVersion = 17.4.33213.308
MinimumVisualStudioVersion = 10.0.40219.1
Project("{FAE04EC0-301F-11D3-BF4B-00C04F79EFBC}") = "senha_fixa", "senha_fixa\senha_fixa.csproj", "{E1F97790-B4D7-4791-891F-B418FD931048}"
EndProject
Global
	GlobalSection(SolutionConfigurationPlatforms) = preSolution
		Debug|Any CPU = Debug|Any CPU
		Release|Any CPU = Release|Any CPU
	EndGlobalSection
	GlobalSection(ProjectConfigurationPlatforms) = postSolution
		{E1F97790-B4D7-4791-891F-B418FD931048}.Debug|Any CPU.ActiveCfg = Debug|Any CPU
		{E1F97790-B4D7-4791-891F-B418FD931048}.Debug|Any CPU.Build.0 = Debug|Any CPU
		{E1F97790-B4D7-4791-891F-B418FD931048}.Release|Any CPU.ActiveCfg = Release|Any CPU
		{E1F97790-B4D7-4791-891F-B418FD931048}.Release|Any CPU.Build.0 = Release|Any CPU
	EndGlobalSection
	GlobalSection(SolutionProperties) = preSolution
		HideSolutionNode = FALSE
	EndGlobalSection
	GlobalSection(ExtensibilityGlobals) = postSolution
		SolutionGuid = {F3178BAC-869B-481B-9484-4BF2FA6DA0CF}
	EndGlobalSection
EndGlobal
