
Microsoft Visual Studio Solution File, Format Version 12.00
# Visual Studio Version 17
VisualStudioVersion = 17.4.33213.308
MinimumVisualStudioVersion = 10.0.40219.1
Project("{FAE04EC0-301F-11D3-BF4B-00C04F79EFBC}") = "pares_consecutivos", "pares_consecutivos\pares_consecutivos.csproj", "{4239CC44-5458-4703-9E7C-54AB7534F78A}"
EndProject
Global
	GlobalSection(SolutionConfigurationPlatforms) = preSolution
		Debug|Any CPU = Debug|Any CPU
		Release|Any CPU = Release|Any CPU
	EndGlobalSection
	GlobalSection(ProjectConfigurationPlatforms) = postSolution
		{4239CC44-5458-4703-9E7C-54AB7534F78A}.Debug|Any CPU.ActiveCfg = Debug|Any CPU
		{4239CC44-5458-4703-9E7C-54AB7534F78A}.Debug|Any CPU.Build.0 = Debug|Any CPU
		{4239CC44-5458-4703-9E7C-54AB7534F78A}.Release|Any CPU.ActiveCfg = Release|Any CPU
		{4239CC44-5458-4703-9E7C-54AB7534F78A}.Release|Any CPU.Build.0 = Release|Any CPU
	EndGlobalSection
	GlobalSection(SolutionProperties) = preSolution
		HideSolutionNode = FALSE
	EndGlobalSection
	GlobalSection(ExtensibilityGlobals) = postSolution
		SolutionGuid = {DB1140BD-1F6B-459E-8E4E-7FAD6D0D93BE}
	EndGlobalSection
EndGlobal
