
Microsoft Visual Studio Solution File, Format Version 12.00
# Visual Studio Version 17
VisualStudioVersion = 17.4.33213.308
MinimumVisualStudioVersion = 10.0.40219.1
Project("{FAE04EC0-301F-11D3-BF4B-00C04F79EFBC}") = "tabuada", "tabuada\tabuada.csproj", "{28D1F40D-51DD-4BC4-A460-9920E82FCB79}"
EndProject
Global
	GlobalSection(SolutionConfigurationPlatforms) = preSolution
		Debug|Any CPU = Debug|Any CPU
		Release|Any CPU = Release|Any CPU
	EndGlobalSection
	GlobalSection(ProjectConfigurationPlatforms) = postSolution
		{28D1F40D-51DD-4BC4-A460-9920E82FCB79}.Debug|Any CPU.ActiveCfg = Debug|Any CPU
		{28D1F40D-51DD-4BC4-A460-9920E82FCB79}.Debug|Any CPU.Build.0 = Debug|Any CPU
		{28D1F40D-51DD-4BC4-A460-9920E82FCB79}.Release|Any CPU.ActiveCfg = Release|Any CPU
		{28D1F40D-51DD-4BC4-A460-9920E82FCB79}.Release|Any CPU.Build.0 = Release|Any CPU
	EndGlobalSection
	GlobalSection(SolutionProperties) = preSolution
		HideSolutionNode = FALSE
	EndGlobalSection
	GlobalSection(ExtensibilityGlobals) = postSolution
		SolutionGuid = {0642865B-E503-4FAA-BF0B-83F813CAD841}
	EndGlobalSection
EndGlobal
