
Microsoft Visual Studio Solution File, Format Version 12.00
# Visual Studio Version 17
VisualStudioVersion = 17.4.33213.308
MinimumVisualStudioVersion = 10.0.40219.1
Project("{FAE04EC0-301F-11D3-BF4B-00C04F79EFBC}") = "soma_linhas", "soma_linhas\soma_linhas.csproj", "{165DB095-3679-4B44-9D40-44B2B297AAD3}"
EndProject
Global
	GlobalSection(SolutionConfigurationPlatforms) = preSolution
		Debug|Any CPU = Debug|Any CPU
		Release|Any CPU = Release|Any CPU
	EndGlobalSection
	GlobalSection(ProjectConfigurationPlatforms) = postSolution
		{165DB095-3679-4B44-9D40-44B2B297AAD3}.Debug|Any CPU.ActiveCfg = Debug|Any CPU
		{165DB095-3679-4B44-9D40-44B2B297AAD3}.Debug|Any CPU.Build.0 = Debug|Any CPU
		{165DB095-3679-4B44-9D40-44B2B297AAD3}.Release|Any CPU.ActiveCfg = Release|Any CPU
		{165DB095-3679-4B44-9D40-44B2B297AAD3}.Release|Any CPU.Build.0 = Release|Any CPU
	EndGlobalSection
	GlobalSection(SolutionProperties) = preSolution
		HideSolutionNode = FALSE
	EndGlobalSection
	GlobalSection(ExtensibilityGlobals) = postSolution
		SolutionGuid = {2FBD94DC-C07C-4707-A50A-8B9581EB8B3D}
	EndGlobalSection
EndGlobal
