
Microsoft Visual Studio Solution File, Format Version 12.00
# Visual Studio Version 17
VisualStudioVersion = 17.4.33213.308
MinimumVisualStudioVersion = 10.0.40219.1
Project("{FAE04EC0-301F-11D3-BF4B-00C04F79EFBC}") = "temperatura", "temperatura\temperatura.csproj", "{C682B2A5-DD35-4FDB-A2D0-6B6CD9A2401E}"
EndProject
Global
	GlobalSection(SolutionConfigurationPlatforms) = preSolution
		Debug|Any CPU = Debug|Any CPU
		Release|Any CPU = Release|Any CPU
	EndGlobalSection
	GlobalSection(ProjectConfigurationPlatforms) = postSolution
		{C682B2A5-DD35-4FDB-A2D0-6B6CD9A2401E}.Debug|Any CPU.ActiveCfg = Debug|Any CPU
		{C682B2A5-DD35-4FDB-A2D0-6B6CD9A2401E}.Debug|Any CPU.Build.0 = Debug|Any CPU
		{C682B2A5-DD35-4FDB-A2D0-6B6CD9A2401E}.Release|Any CPU.ActiveCfg = Release|Any CPU
		{C682B2A5-DD35-4FDB-A2D0-6B6CD9A2401E}.Release|Any CPU.Build.0 = Release|Any CPU
	EndGlobalSection
	GlobalSection(SolutionProperties) = preSolution
		HideSolutionNode = FALSE
	EndGlobalSection
	GlobalSection(ExtensibilityGlobals) = postSolution
		SolutionGuid = {B919164D-3E3A-45FE-8C4A-2927D04C9823}
	EndGlobalSection
EndGlobal
