
Microsoft Visual Studio Solution File, Format Version 12.00
# Visual Studio Version 17
VisualStudioVersion = 17.4.33213.308
MinimumVisualStudioVersion = 10.0.40219.1
Project("{FAE04EC0-301F-11D3-BF4B-00C04F79EFBC}") = "alturas", "alturas\alturas.csproj", "{A66D8719-0702-4806-A261-2CAAE088E864}"
EndProject
Global
	GlobalSection(SolutionConfigurationPlatforms) = preSolution
		Debug|Any CPU = Debug|Any CPU
		Release|Any CPU = Release|Any CPU
	EndGlobalSection
	GlobalSection(ProjectConfigurationPlatforms) = postSolution
		{A66D8719-0702-4806-A261-2CAAE088E864}.Debug|Any CPU.ActiveCfg = Debug|Any CPU
		{A66D8719-0702-4806-A261-2CAAE088E864}.Debug|Any CPU.Build.0 = Debug|Any CPU
		{A66D8719-0702-4806-A261-2CAAE088E864}.Release|Any CPU.ActiveCfg = Release|Any CPU
		{A66D8719-0702-4806-A261-2CAAE088E864}.Release|Any CPU.Build.0 = Release|Any CPU
	EndGlobalSection
	GlobalSection(SolutionProperties) = preSolution
		HideSolutionNode = FALSE
	EndGlobalSection
	GlobalSection(ExtensibilityGlobals) = postSolution
		SolutionGuid = {E7983C71-C7FE-4681-AC0D-B9D253C855B6}
	EndGlobalSection
EndGlobal
