
Microsoft Visual Studio Solution File, Format Version 12.00
# Visual Studio Version 17
VisualStudioVersion = 17.4.33213.308
MinimumVisualStudioVersion = 10.0.40219.1
Project("{FAE04EC0-301F-11D3-BF4B-00C04F79EFBC}") = "negativos", "negativos\negativos.csproj", "{BB34D939-69E9-4458-B858-3309920B4867}"
EndProject
Global
	GlobalSection(SolutionConfigurationPlatforms) = preSolution
		Debug|Any CPU = Debug|Any CPU
		Release|Any CPU = Release|Any CPU
	EndGlobalSection
	GlobalSection(ProjectConfigurationPlatforms) = postSolution
		{BB34D939-69E9-4458-B858-3309920B4867}.Debug|Any CPU.ActiveCfg = Debug|Any CPU
		{BB34D939-69E9-4458-B858-3309920B4867}.Debug|Any CPU.Build.0 = Debug|Any CPU
		{BB34D939-69E9-4458-B858-3309920B4867}.Release|Any CPU.ActiveCfg = Release|Any CPU
		{BB34D939-69E9-4458-B858-3309920B4867}.Release|Any CPU.Build.0 = Release|Any CPU
	EndGlobalSection
	GlobalSection(SolutionProperties) = preSolution
		HideSolutionNode = FALSE
	EndGlobalSection
	GlobalSection(ExtensibilityGlobals) = postSolution
		SolutionGuid = {9ACA8F60-38D1-4078-999B-1F61CEF80377}
	EndGlobalSection
EndGlobal
