
Microsoft Visual Studio Solution File, Format Version 12.00
# Visual Studio Version 17
VisualStudioVersion = 17.4.33213.308
MinimumVisualStudioVersion = 10.0.40219.1
Project("{FAE04EC0-301F-11D3-BF4B-00C04F79EFBC}") = "par_impar", "par_impar\par_impar.csproj", "{F719013B-AF47-488A-B59A-0E6380790384}"
EndProject
Global
	GlobalSection(SolutionConfigurationPlatforms) = preSolution
		Debug|Any CPU = Debug|Any CPU
		Release|Any CPU = Release|Any CPU
	EndGlobalSection
	GlobalSection(ProjectConfigurationPlatforms) = postSolution
		{F719013B-AF47-488A-B59A-0E6380790384}.Debug|Any CPU.ActiveCfg = Debug|Any CPU
		{F719013B-AF47-488A-B59A-0E6380790384}.Debug|Any CPU.Build.0 = Debug|Any CPU
		{F719013B-AF47-488A-B59A-0E6380790384}.Release|Any CPU.ActiveCfg = Release|Any CPU
		{F719013B-AF47-488A-B59A-0E6380790384}.Release|Any CPU.Build.0 = Release|Any CPU
	EndGlobalSection
	GlobalSection(SolutionProperties) = preSolution
		HideSolutionNode = FALSE
	EndGlobalSection
	GlobalSection(ExtensibilityGlobals) = postSolution
		SolutionGuid = {03F78F7D-4D34-413C-B410-9E998840D86A}
	EndGlobalSection
EndGlobal
