
Microsoft Visual Studio Solution File, Format Version 12.00
# Visual Studio Version 17
VisualStudioVersion = 17.4.33213.308
MinimumVisualStudioVersion = 10.0.40219.1
Project("{FAE04EC0-301F-11D3-BF4B-00C04F79EFBC}") = "maior_posicao", "maior_posicao\maior_posicao.csproj", "{DE3F568E-D8CF-46E9-B2AC-ED9516D8D745}"
EndProject
Global
	GlobalSection(SolutionConfigurationPlatforms) = preSolution
		Debug|Any CPU = Debug|Any CPU
		Release|Any CPU = Release|Any CPU
	EndGlobalSection
	GlobalSection(ProjectConfigurationPlatforms) = postSolution
		{DE3F568E-D8CF-46E9-B2AC-ED9516D8D745}.Debug|Any CPU.ActiveCfg = Debug|Any CPU
		{DE3F568E-D8CF-46E9-B2AC-ED9516D8D745}.Debug|Any CPU.Build.0 = Debug|Any CPU
		{DE3F568E-D8CF-46E9-B2AC-ED9516D8D745}.Release|Any CPU.ActiveCfg = Release|Any CPU
		{DE3F568E-D8CF-46E9-B2AC-ED9516D8D745}.Release|Any CPU.Build.0 = Release|Any CPU
	EndGlobalSection
	GlobalSection(SolutionProperties) = preSolution
		HideSolutionNode = FALSE
	EndGlobalSection
	GlobalSection(ExtensibilityGlobals) = postSolution
		SolutionGuid = {7C3BFA4F-9299-458D-8858-CA352D33BFB4}
	EndGlobalSection
EndGlobal
